Microsoft Visual Studio Solution File, Format Version 11.00
# Visual Studio 2008

Project("{F826C4F1-416A-BFD9-0C18-C96729F32C49}") = "Aces of Luftwafe", "Assembly-CSharp.csproj", "{BD196211-6E2F-C693-63A3-B1F7371C9E98}"
EndProject
Global
	GlobalSection(SolutionConfigurationPlatforms) = preSolution
		Debug|Any CPU = Debug|Any CPU
		Release|Any CPU = Release|Any CPU
	EndGlobalSection
	GlobalSection(ProjectConfigurationPlatforms) = postSolution
		{BD196211-6E2F-C693-63A3-B1F7371C9E98}.Debug|Any CPU.ActiveCfg = Debug|Any CPU
		{BD196211-6E2F-C693-63A3-B1F7371C9E98}.Debug|Any CPU.Build.0 = Debug|Any CPU
		{BD196211-6E2F-C693-63A3-B1F7371C9E98}.Release|Any CPU.ActiveCfg = Release|Any CPU
		{BD196211-6E2F-C693-63A3-B1F7371C9E98}.Release|Any CPU.Build.0 = Release|Any CPU
	EndGlobalSection
	GlobalSection(SolutionProperties) = preSolution
		HideSolutionNode = FALSE
	EndGlobalSection
	GlobalSection(MonoDevelopProperties) = preSolution
		StartupItem = Assembly-CSharp.csproj
	EndGlobalSection
EndGlobal
