Microsoft Visual Studio Solution File, Format Version 11.00
# Visual Studio 2008

Project("{4EB58B44-5D2C-6D17-F6E8-E0B85B6010B3}") = "Game-project-1", "Assembly-CSharp.csproj", "{2E5D7899-53E5-644F-FD8A-652CE255692B}"
EndProject
Global
	GlobalSection(SolutionConfigurationPlatforms) = preSolution
		Debug|Any CPU = Debug|Any CPU
		Release|Any CPU = Release|Any CPU
	EndGlobalSection
	GlobalSection(ProjectConfigurationPlatforms) = postSolution
		{2E5D7899-53E5-644F-FD8A-652CE255692B}.Debug|Any CPU.ActiveCfg = Debug|Any CPU
		{2E5D7899-53E5-644F-FD8A-652CE255692B}.Debug|Any CPU.Build.0 = Debug|Any CPU
		{2E5D7899-53E5-644F-FD8A-652CE255692B}.Release|Any CPU.ActiveCfg = Release|Any CPU
		{2E5D7899-53E5-644F-FD8A-652CE255692B}.Release|Any CPU.Build.0 = Release|Any CPU
	EndGlobalSection
	GlobalSection(SolutionProperties) = preSolution
		HideSolutionNode = FALSE
	EndGlobalSection
	GlobalSection(MonoDevelopProperties) = preSolution
		StartupItem = Assembly-CSharp.csproj
	EndGlobalSection
EndGlobal
